
Microsoft Visual Studio Solution File, Format Version 12.00
# Visual Studio 15
VisualStudioVersion = 15.0.28010.2050
MinimumVisualStudioVersion = 10.0.40219.1
Project("{8BC9CEB8-8B4A-11D0-8D11-00A0C91BC942}") = "2oop2", "2oop2\2oop2.vcxproj", "{FBC866B2-1D52-4097-9A2E-366CE72B06EC}"
EndProject
Global
	GlobalSection(SolutionConfigurationPlatforms) = preSolution
		Debug|x64 = Debug|x64
		Debug|x86 = Debug|x86
		Release|x64 = Release|x64
		Release|x86 = Release|x86
	EndGlobalSection
	GlobalSection(ProjectConfigurationPlatforms) = postSolution
		{FBC866B2-1D52-4097-9A2E-366CE72B06EC}.Debug|x64.ActiveCfg = Debug|x64
		{FBC866B2-1D52-4097-9A2E-366CE72B06EC}.Debug|x64.Build.0 = Debug|x64
		{FBC866B2-1D52-4097-9A2E-366CE72B06EC}.Debug|x86.ActiveCfg = Debug|Win32
		{FBC866B2-1D52-4097-9A2E-366CE72B06EC}.Debug|x86.Build.0 = Debug|Win32
		{FBC866B2-1D52-4097-9A2E-366CE72B06EC}.Release|x64.ActiveCfg = Release|x64
		{FBC866B2-1D52-4097-9A2E-366CE72B06EC}.Release|x64.Build.0 = Release|x64
		{FBC866B2-1D52-4097-9A2E-366CE72B06EC}.Release|x86.ActiveCfg = Release|Win32
		{FBC866B2-1D52-4097-9A2E-366CE72B06EC}.Release|x86.Build.0 = Release|Win32
	EndGlobalSection
	GlobalSection(SolutionProperties) = preSolution
		HideSolutionNode = FALSE
	EndGlobalSection
	GlobalSection(ExtensibilityGlobals) = postSolution
		SolutionGuid = {8AB1E85F-4823-44D0-8276-C276F850E5DC}
	EndGlobalSection
EndGlobal
